
Microsoft Visual Studio Solution File, Format Version 11.00
# Visual Studio 2010
Project("{FAE04EC0-301F-11D3-BF4B-00C04F79EFBC}") = "weber", "weber.csproj", "{D346DB57-BBAD-4D0E-9C74-8F6E04A71FBC}"
EndProject
Global
	GlobalSection(SolutionConfigurationPlatforms) = preSolution
		Debug|Any CPU = Debug|Any CPU
		Release|Any CPU = Release|Any CPU
	EndGlobalSection
	GlobalSection(ProjectConfigurationPlatforms) = postSolution
		{D346DB57-BBAD-4D0E-9C74-8F6E04A71FBC}.Debug|Any CPU.ActiveCfg = Debug|Any CPU
		{D346DB57-BBAD-4D0E-9C74-8F6E04A71FBC}.Debug|Any CPU.Build.0 = Debug|Any CPU
		{D346DB57-BBAD-4D0E-9C74-8F6E04A71FBC}.Release|Any CPU.ActiveCfg = Release|Any CPU
		{D346DB57-BBAD-4D0E-9C74-8F6E04A71FBC}.Release|Any CPU.Build.0 = Release|Any CPU
	EndGlobalSection
	GlobalSection(SolutionProperties) = preSolution
		HideSolutionNode = FALSE
	EndGlobalSection
EndGlobal
